{
  "object": {
    "pins": [
      {
        "package": "WKView",
        "repositoryURL": "https://github.com/rebeloper/WKView.git",
        "state": {
          "branch": null,
          "revision": "b9314678cf946e8c02ae1dcaf4e07d6c9dd7712c",
          "version": "0.1.6"
        }
      }
    ]
  },
  "version": 1
}
